// !$*UTF8*$!
{
	archiveVersion = 1;
	classes = {
	};
	objectVersion = 48;
	objects = {

/* Begin PBXBuildFile section */
		1A5A979B1F873AEF00EF6C14 /* AppDelegate.swift in Sources */ = {isa = PBXBuildFile; fileRef = 1A5A979A1F873AEF00EF6C14 /* AppDelegate.swift */; };
		1A5A979D1F873AEF00EF6C14 /* ViewController.swift in Sources */ = {isa = PBXBuildFile; fileRef = 1A5A979C1F873AEF00EF6C14 /* ViewController.swift */; };
		1A5A97A01F873AEF00EF6C14 /* Main.storyboard in Resources */ = {isa = PBXBuildFile; fileRef = 1A5A979E1F873AEF00EF6C14 /* Main.storyboard */; };
		1A5A97A21F873AEF00EF6C14 /* Assets.xcassets in Resources */ = {isa = PBXBuildFile; fileRef = 1A5A97A11F873AEF00EF6C14 /* Assets.xcassets */; };
		1A5A97A51F873AEF00EF6C14 /* LaunchScreen.storyboard in Resources */ = {isa = PBXBuildFile; fileRef = 1A5A97A31F873AEF00EF6C14 /* LaunchScreen.storyboard */; };
/* End PBXBuildFile section */

/* Begin PBXFileReference section */
		1A5A97971F873AEF00EF6C14 /* convertIt.app */ = {isa = PBXFileReference; explicitFileType = wrapper.application; includeInIndex = 0; path = convertIt.app; sourceTree = BUILT_PRODUCTS_DIR; };
		1A5A979A1F873AEF00EF6C14 /* AppDelegate.swift */ = {isa = PBXFileReference; lastKnownFileType = sourcecode.swift; path = AppDelegate.swift; sourceTree = "<group>"; };
		1A5A979C1F873AEF00EF6C14 /* ViewController.swift */ = {isa = PBXFileReference; lastKnownFileType = sourcecode.swift; path = ViewController.swift; sourceTree = "<group>"; };
		1A5A979F1F873AEF00EF6C14 /* Base */ = {isa = PBXFileReference; lastKnownFileType = file.storyboard; name = Base; path = Base.lproj/Main.storyboard; sourceTree = "<group>"; };
		1A5A97A11F873AEF00EF6C14 /* Assets.xcassets */ = {isa = PBXFileReference; lastKnownFileType = folder.assetcatalog; path = Assets.xcassets; sourceTree = "<group>"; };
		1A5A97A41F873AEF00EF6C14 /* Base */ = {isa = PBXFileReference; lastKnownFileType = file.storyboard; name = Base; path = Base.lproj/LaunchScreen.storyboard; sourceTree = "<group>"; };
		1A5A97A61F873AEF00EF6C14 /* Info.plist */ = {isa = PBXFileReference; lastKnownFileType = text.plist.xml; path = Info.plist; sourceTree = "<group>"; };
/* End PBXFileReference section */

/* Begin PBXFrameworksBuildPhase section */
		1A5A97941F873AEF00EF6C14 /* Frameworks */ = {
			isa = PBXFrameworksBuildPhase;
			buildActionMask = 2147483647;
			files = (
			);
			runOnlyForDeploymentPostprocessing = 0;
		};
/* End PBXFrameworksBuildPhase section */

/* Begin PBXGroup section */
		1A5A978E1F873AEF00EF6C14 = {
			isa = PBXGroup;
			children = (
				1A5A97991F873AEF00EF6C14 /* convertIt */,
				1A5A97981F873AEF00EF6C14 /* Products */,
			);
			sourceTree = "<group>";
		};
		1A5A97981F873AEF00EF6C14 /* Products */ = {
			isa = PBXGroup;
			children = (
				1A5A97971F873AEF00EF6C14 /* convertIt.app */,
			);
			name = Products;
			sourceTree = "<group>";
		};
		1A5A97991F873AEF00EF6C14 /* convertIt */ = {
			isa = PBXGroup;
			children = (
				1A5A979A1F873AEF00EF6C14 /* AppDelegate.swift */,
				1A5A979C1F873AEF00EF6C14 /* ViewController.swift */,
				1A5A979E1F873AEF00EF6C14 /* Main.storyboard */,
				1A5A97A11F873AEF00EF6C14 /* Assets.xcassets */,
				1A5A97A31F873AEF00EF6C14 /* LaunchScreen.storyboard */,
				1A5A97A61F873AEF00EF6C14 /* Info.plist */,
			);
			path = convertIt;
			sourceTree = "<group>";
		};
/* End PBXGroup section */

/* Begin PBXNativeTarget section */
		1A5A97961F873AEF00EF6C14 /* convertIt */ = {
			isa = PBXNativeTarget;
			buildConfigurationList = 1A5A97A91F873AEF00EF6C14 /* Build configuration list for PBXNativeTarget "convertIt" */;
			buildPhases = (
				1A5A97931F873AEF00EF6C14 /* Sources */,
				1A5A97941F873AEF00EF6C14 /* Frameworks */,
				1A5A97951F873AEF00EF6C14 /* Resources */,
			);
			buildRules = (
			);
			dependencies = (
			);
			name = convertIt;
			productName = convertIt;
			productReference = 1A5A97971F873AEF00EF6C14 /* convertIt.app */;
			productType = "com.apple.product-type.application";
		};
/* End PBXNativeTarget section */

/* Begin PBXProject section */
		1A5A978F1F873AEF00EF6C14 /* Project object */ = {
			isa = PBXProject;
			attributes = {
				LastSwiftUpdateCheck = 0900;
				LastUpgradeCheck = 0900;
				ORGANIZATIONNAME = "Matthew Batsinelas";
				TargetAttributes = {
					1A5A97961F873AEF00EF6C14 = {
						CreatedOnToolsVersion = 9.0;
						ProvisioningStyle = Automatic;
					};
				};
			};
			buildConfigurationList = 1A5A97921F873AEF00EF6C14 /* Build configuration list for PBXProject "convertIt" */;
			compatibilityVersion = "Xcode 8.0";
			developmentRegion = en;
			hasScannedForEncodings = 0;
			knownRegions = (
				en,
				Base,
			);
			mainGroup = 1A5A978E1F873AEF00EF6C14;
			productRefGroup = 1A5A97981F873AEF00EF6C14 /* Products */;
			projectDirPath = "";
			projectRoot = "";
			targets = (
				1A5A97961F873AEF00EF6C14 /* convertIt */,
			);
		};
/* End PBXProject section */

/* Begin PBXResourcesBuildPhase section */
		1A5A97951F873AEF00EF6C14 /* Resources */ = {
			isa = PBXResourcesBuildPhase;
			buildActionMask = 2147483647;
			files = (
				1A5A97A51F873AEF00EF6C14 /* LaunchScreen.storyboard in Resources */,
				1A5A97A21F873AEF00EF6C14 /* Assets.xcassets in Resources */,
				1A5A97A01F873AEF00EF6C14 /* Main.storyboard in Resources */,
			);
			runOnlyForDeploymentPostprocessing = 0;
		};
/* End PBXResourcesBuildPhase section */

/* Begin PBXSourcesBuildPhase section */
		1A5A97931F873AEF00EF6C14 /* Sources */ = {
			isa = PBXSourcesBuildPhase;
			buildActionMask = 2147483647;
			files = (
				1A5A979D1F873AEF00EF6C14 /* ViewController.swift in Sources */,
				1A5A979B1F873AEF00EF6C14 /* AppDelegate.swift in Sources */,
			);
			runOnlyForDeploymentPostprocessing = 0;
		};
/* End PBXSourcesBuildPhase section */

/* Begin PBXVariantGroup section */
		1A5A979E1F873AEF00EF6C14 /* Main.storyboard */ = {
			isa = PBXVariantGroup;
			children = (
				1A5A979F1F873AEF00EF6C14 /* Base */,
			);
			name = Main.storyboard;
			sourceTree = "<group>";
		};
		1A5A97A31F873AEF00EF6C14 /* LaunchScreen.storyboard */ = {
			isa = PBXVariantGroup;
			children = (
				1A5A97A41F873AEF00EF6C14 /* Base */,
			);
			name = LaunchScreen.storyboard;
			sourceTree = "<group>";
		};
/* End PBXVariantGroup section */

/* Begin XCBuildConfiguration section */
		1A5A97A71F873AEF00EF6C14 /* Debug */ = {
			isa = XCBuildConfiguration;
			buildSettings = {
				ALWAYS_SEARCH_USER_PATHS = NO;
				CLANG_ANALYZER_NONNULL = YES;
				CLANG_ANALYZER_NUMBER_OBJECT_CONVERSION = YES_AGGRESSIVE;
				CLANG_CXX_LANGUAGE_STANDARD = "gnu++14";
				CLANG_CXX_LIBRARY = "libc++";
				CLANG_ENABLE_MODULES = YES;
				CLANG_ENABLE_OBJC_ARC = YES;
				CLANG_WARN_BLOCK_CAPTURE_AUTORELEASING = YES;
				CLANG_WARN_BOOL_CONVERSION = YES;
				CLANG_WARN_COMMA = YES;
				CLANG_WARN_CONSTANT_CONVERSION = YES;
				CLANG_WARN_DIRECT_OBJC_ISA_USAGE = YES_ERROR;
				CLANG_WARN_DOCUMENTATION_COMMENTS = YES;
				CLANG_WARN_EMPTY_BODY = YES;
				CLANG_WARN_ENUM_CONVERSION = YES;
				CLANG_WARN_INFINITE_RECURSION = YES;
				CLANG_WARN_INT_CONVERSION = YES;
				CLANG_WARN_NON_LITERAL_NULL_CONVERSION = YES;
				CLANG_WARN_OBJC_LITERAL_CONVERSION = YES;
				CLANG_WARN_OBJC_ROOT_CLASS = YES_ERROR;
				CLANG_WARN_RANGE_LOOP_ANALYSIS = YES;
				CLANG_WARN_STRICT_PROTOTYPES = YES;
				CLANG_WARN_SUSPICIOUS_MOVE = YES;
				CLANG_WARN_UNGUARDED_AVAILABILITY = YES_AGGRESSIVE;
				CLANG_WARN_UNREACHABLE_CODE = YES;
				CLANG_WARN__DUPLICATE_METHOD_MATCH = YES;
				CODE_SIGN_IDENTITY = "iPhone Developer";
				COPY_PHASE_STRIP = NO;
				DEBUG_INFORMATION_FORMAT = dwarf;
				ENABLE_STRICT_OBJC_MSGSEND = YES;
				ENABLE_TESTABILITY = YES;
				GCC_C_LANGUAGE_STANDARD = gnu11;
				GCC_DYNAMIC_NO_PIC = NO;
				GCC_NO_COMMON_BLOCKS = YES;
				GCC_OPTIMIZATION_LEVEL = 0;
				GCC_PREPROCESSOR_DEFINITIONS = (
					"DEBUG=1",
					"$(inherited)",
				);
				GCC_WARN_64_TO_32_BIT_CONVERSION = YES;
				GCC_WARN_ABOUT_RETURN_TYPE = YES_ERROR;
				GCC_WARN_UNDECLARED_SELECTOR = YES;
				GCC_WARN_UNINITIALIZED_AUTOS = YES_AGGRESSIVE;
				GCC_WARN_UNUSED_FUNCTION = YES;
				GCC_WARN_UNUSED_VARIABLE = YES;
				IPHONEOS_DEPLOYMENT_TARGET = 11.0;
				MTL_ENABLE_DEBUG_INFO = YES;
				ONLY_ACTIVE_ARCH = YES;
				SDKROOT = iphoneos;
				SWIFT_ACTIVE_COMPILATION_CONDITIONS = DEBUG;
				SWIFT_OPTIMIZATION_LEVEL = "-Onone";
			};
			name = Debug;
		};
		1A5A97A81F873AEF00EF6C14 /* Release */ = {
			isa = XCBuildConfiguration;
			buildSettings = {
				ALWAYS_SEARCH_USER_PATHS = NO;
				CLANG_ANALYZER_NONNULL = YES;
				CLANG_ANALYZER_NUMBER_OBJECT_CONVERSION = YES_AGGRESSIVE;
				CLANG_CXX_LANGUAGE_STANDARD = "gnu++14";
				CLANG_CXX_LIBRARY = "libc++";
				CLANG_ENABLE_MODULES = YES;
				CLANG_ENABLE_OBJC_ARC = YES;
				CLANG_WARN_BLOCK_CAPTURE_AUTORELEASING = YES;
				CLANG_WARN_BOOL_CONVERSION = YES;
				CLANG_WARN_COMMA = YES;
				CLANG_WARN_CONSTANT_CONVERSION = YES;
				CLANG_WARN_DIRECT_OBJC_ISA_USAGE = YES_ERROR;
				CLANG_WARN_DOCUMENTATION_COMMENTS = YES;
				CLANG_WARN_EMPTY_BODY = YES;
				CLANG_WARN_ENUM_CONVERSION = YES;
				CLANG_WARN_INFINITE_RECURSION = YES;
				CLANG_WARN_INT_CONVERSION = YES;
				CLANG_WARN_NON_LITERAL_NULL_CONVERSION = YES;
				CLANG_WARN_OBJC_LITERAL_CONVERSION = YES;
				CLANG_WARN_OBJC_ROOT_CLASS = YES_ERROR;
				CLANG_WARN_RANGE_LOOP_ANALYSIS = YES;
				CLANG_WARN_STRICT_PROTOTYPES = YES;
				CLANG_WARN_SUSPICIOUS_MOVE = YES;
				CLANG_WARN_UNGUARDED_AVAILABILITY = YES_AGGRESSIVE;
				CLANG_WARN_UNREACHABLE_CODE = YES;
				CLANG_WARN__DUPLICATE_METHOD_MATCH = YES;
				CODE_SIGN_IDENTITY = "iPhone Developer";
				COPY_PHASE_STRIP = NO;
				DEBUG_INFORMATION_FORMAT = "dwarf-with-dsym";
				ENABLE_NS_ASSERTIONS = NO;
				ENABLE_STRICT_OBJC_MSGSEND = YES;
				GCC_C_LANGUAGE_STANDARD = gnu11;
				GCC_NO_COMMON_BLOCKS = YES;
				GCC_WARN_64_TO_32_BIT_CONVERSION = YES;
				GCC_WARN_ABOUT_RETURN_TYPE = YES_ERROR;
				GCC_WARN_UNDECLARED_SELECTOR = YES;
				GCC_WARN_UNINITIALIZED_AUTOS = YES_AGGRESSIVE;
				GCC_WARN_UNUSED_FUNCTION = YES;
				GCC_WARN_UNUSED_VARIABLE = YES;
				IPHONEOS_DEPLOYMENT_TARGET = 11.0;
				MTL_ENABLE_DEBUG_INFO = NO;
				SDKROOT = iphoneos;
				SWIFT_OPTIMIZATION_LEVEL = "-Owholemodule";
				VALIDATE_PRODUCT = YES;
			};
			name = Release;
		};
		1A5A97AA1F873AEF00EF6C14 /* Debug */ = {
			isa = XCBuildConfiguration;
			buildSettings = {
				ASSETCATALOG_COMPILER_APPICON_NAME = AppIcon;
				CODE_SIGN_STYLE = Automatic;
				DEVELOPMENT_TEAM = A8S2PR28P4;
				INFOPLIST_FILE = convertIt/Info.plist;
				LD_RUNPATH_SEARCH_PATHS = "$(inherited) @executable_path/Frameworks";
				PRODUCT_BUNDLE_IDENTIFIER = MatthewBatsinelas.convertIt;
				PRODUCT_NAME = "$(TARGET_NAME)";
				SWIFT_VERSION = 4.0;
				TARGETED_DEVICE_FAMILY = "1,2";
			};
			name = Debug;
		};
		1A5A97AB1F873AEF00EF6C14 /* Release */ = {
			isa = XCBuildConfiguration;
			buildSettings = {
				ASSETCATALOG_COMPILER_APPICON_NAME = AppIcon;
				CODE_SIGN_STYLE = Automatic;
				DEVELOPMENT_TEAM = A8S2PR28P4;
				INFOPLIST_FILE = convertIt/Info.plist;
				LD_RUNPATH_SEARCH_PATHS = "$(inherited) @executable_path/Frameworks";
				PRODUCT_BUNDLE_IDENTIFIER = MatthewBatsinelas.convertIt;
				PRODUCT_NAME = "$(TARGET_NAME)";
				SWIFT_VERSION = 4.0;
				TARGETED_DEVICE_FAMILY = "1,2";
			};
			name = Release;
		};
/* End XCBuildConfiguration section */

/* Begin XCConfigurationList section */
		1A5A97921F873AEF00EF6C14 /* Build configuration list for PBXProject "convertIt" */ = {
			isa = XCConfigurationList;
			buildConfigurations = (
				1A5A97A71F873AEF00EF6C14 /* Debug */,
				1A5A97A81F873AEF00EF6C14 /* Release */,
			);
			defaultConfigurationIsVisible = 0;
			defaultConfigurationName = Release;
		};
		1A5A97A91F873AEF00EF6C14 /* Build configuration list for PBXNativeTarget "convertIt" */ = {
			isa = XCConfigurationList;
			buildConfigurations = (
				1A5A97AA1F873AEF00EF6C14 /* Debug */,
				1A5A97AB1F873AEF00EF6C14 /* Release */,
			);
			defaultConfigurationIsVisible = 0;
			defaultConfigurationName = Release;
		};
/* End XCConfigurationList section */
	};
	rootObject = 1A5A978F1F873AEF00EF6C14 /* Project object */;
}
